<Solution>
  <Folder Name="/Элементы решения/">
    <File Path=".gitignore" />
    <File Path="global.json" />
  </Folder>
  <Project Path="MaximPractice.Benchmarks/MaximPractice.Benchmarks.csproj" Id="0e8fd4a9-54f6-4930-bb2d-1a75c6eb85bd" />
  <Project Path="MaximPractice.Tests/MaximPractice.Tests.csproj" Id="930a629d-29e7-4126-838b-b02e6ae4883f" />
  <Project Path="MaximPractice/MaximPractice.csproj" />
</Solution>
